// !$*UTF8*$!
{
	archiveVersion = 1;
	classes = {
	};
	objectVersion = 46;
	objects = {

/* Begin PBXBuildFile section */
		8443DF9E1ACE978500D13C5F /* CoreData.framework in Frameworks */ = {isa = PBXBuildFile; fileRef = 8443DF9D1ACE978500D13C5F /* CoreData.framework */; };
		8443DFA11ACE989400D13C5F /* Contacts.xcdatamodeld in Sources */ = {isa = PBXBuildFile; fileRef = 8443DF9F1ACE989400D13C5F /* Contacts.xcdatamodeld */; };
		847024601ACEF5D100FC0603 /* CallTableViewCell.m in Sources */ = {isa = PBXBuildFile; fileRef = 8470245F1ACEF5D100FC0603 /* CallTableViewCell.m */; };
		847024631ACF05A400FC0603 /* Call.m in Sources */ = {isa = PBXBuildFile; fileRef = 847024621ACF05A400FC0603 /* Call.m */; };
		84C194A81ACDAA0D00AF4096 /* ContactTableViewCell.m in Sources */ = {isa = PBXBuildFile; fileRef = 84C194A71ACDAA0D00AF4096 /* ContactTableViewCell.m */; };
		84C194AB1ACDAD0C00AF4096 /* Person.m in Sources */ = {isa = PBXBuildFile; fileRef = 84C194AA1ACDAD0C00AF4096 /* Person.m */; };
		84C49E871ACD8BC6005AF267 /* main.m in Sources */ = {isa = PBXBuildFile; fileRef = 84C49E861ACD8BC6005AF267 /* main.m */; };
		84C49E8A1ACD8BC6005AF267 /* AppDelegate.m in Sources */ = {isa = PBXBuildFile; fileRef = 84C49E891ACD8BC6005AF267 /* AppDelegate.m */; };
		84C49E8D1ACD8BC6005AF267 /* FirstViewController.m in Sources */ = {isa = PBXBuildFile; fileRef = 84C49E8C1ACD8BC6005AF267 /* FirstViewController.m */; };
		84C49E901ACD8BC6005AF267 /* SecondViewController.m in Sources */ = {isa = PBXBuildFile; fileRef = 84C49E8F1ACD8BC6005AF267 /* SecondViewController.m */; };
		84C49E931ACD8BC6005AF267 /* Main.storyboard in Resources */ = {isa = PBXBuildFile; fileRef = 84C49E911ACD8BC6005AF267 /* Main.storyboard */; };
		84C49E951ACD8BC7005AF267 /* Images.xcassets in Resources */ = {isa = PBXBuildFile; fileRef = 84C49E941ACD8BC7005AF267 /* Images.xcassets */; };
		84C49E981ACD8BC7005AF267 /* LaunchScreen.xib in Resources */ = {isa = PBXBuildFile; fileRef = 84C49E961ACD8BC7005AF267 /* LaunchScreen.xib */; };
		84C49EA41ACD8BCA005AF267 /* CallingAppTests.m in Sources */ = {isa = PBXBuildFile; fileRef = 84C49EA31ACD8BCA005AF267 /* CallingAppTests.m */; };
/* End PBXBuildFile section */

/* Begin PBXContainerItemProxy section */
		84C49E9E1ACD8BCA005AF267 /* PBXContainerItemProxy */ = {
			isa = PBXContainerItemProxy;
			containerPortal = 84C49E791ACD8BC4005AF267 /* Project object */;
			proxyType = 1;
			remoteGlobalIDString = 84C49E801ACD8BC4005AF267;
			remoteInfo = CallingApp;
		};
/* End PBXContainerItemProxy section */

/* Begin PBXFileReference section */
		8443DF9D1ACE978500D13C5F /* CoreData.framework */ = {isa = PBXFileReference; lastKnownFileType = wrapper.framework; name = CoreData.framework; path = System/Library/Frameworks/CoreData.framework; sourceTree = SDKROOT; };
		8443DFA01ACE989400D13C5F /* Contacts.xcdatamodel */ = {isa = PBXFileReference; lastKnownFileType = wrapper.xcdatamodel; path = Contacts.xcdatamodel; sourceTree = "<group>"; };
		8470245E1ACEF5D100FC0603 /* CallTableViewCell.h */ = {isa = PBXFileReference; fileEncoding = 4; lastKnownFileType = sourcecode.c.h; path = CallTableViewCell.h; sourceTree = "<group>"; };
		8470245F1ACEF5D100FC0603 /* CallTableViewCell.m */ = {isa = PBXFileReference; fileEncoding = 4; lastKnownFileType = sourcecode.c.objc; path = CallTableViewCell.m; sourceTree = "<group>"; };
		847024611ACF05A400FC0603 /* Call.h */ = {isa = PBXFileReference; fileEncoding = 4; lastKnownFileType = sourcecode.c.h; path = Call.h; sourceTree = "<group>"; };
		847024621ACF05A400FC0603 /* Call.m */ = {isa = PBXFileReference; fileEncoding = 4; lastKnownFileType = sourcecode.c.objc; path = Call.m; sourceTree = "<group>"; };
		84C194A61ACDAA0D00AF4096 /* ContactTableViewCell.h */ = {isa = PBXFileReference; fileEncoding = 4; lastKnownFileType = sourcecode.c.h; path = ContactTableViewCell.h; sourceTree = "<group>"; };
		84C194A71ACDAA0D00AF4096 /* ContactTableViewCell.m */ = {isa = PBXFileReference; fileEncoding = 4; lastKnownFileType = sourcecode.c.objc; path = ContactTableViewCell.m; sourceTree = "<group>"; };
		84C194A91ACDAD0C00AF4096 /* Person.h */ = {isa = PBXFileReference; fileEncoding = 4; lastKnownFileType = sourcecode.c.h; path = Person.h; sourceTree = "<group>"; };
		84C194AA1ACDAD0C00AF4096 /* Person.m */ = {isa = PBXFileReference; fileEncoding = 4; lastKnownFileType = sourcecode.c.objc; path = Person.m; sourceTree = "<group>"; };
		84C49E811ACD8BC5005AF267 /* CallingApp.app */ = {isa = PBXFileReference; explicitFileType = wrapper.application; includeInIndex = 0; path = CallingApp.app; sourceTree = BUILT_PRODUCTS_DIR; };
		84C49E851ACD8BC6005AF267 /* Info.plist */ = {isa = PBXFileReference; lastKnownFileType = text.plist.xml; path = Info.plist; sourceTree = "<group>"; };
		84C49E861ACD8BC6005AF267 /* main.m */ = {isa = PBXFileReference; lastKnownFileType = sourcecode.c.objc; path = main.m; sourceTree = "<group>"; };
		84C49E881ACD8BC6005AF267 /* AppDelegate.h */ = {isa = PBXFileReference; lastKnownFileType = sourcecode.c.h; path = AppDelegate.h; sourceTree = "<group>"; };
		84C49E891ACD8BC6005AF267 /* AppDelegate.m */ = {isa = PBXFileReference; lastKnownFileType = sourcecode.c.objc; path = AppDelegate.m; sourceTree = "<group>"; };
		84C49E8B1ACD8BC6005AF267 /* FirstViewController.h */ = {isa = PBXFileReference; lastKnownFileType = sourcecode.c.h; path = FirstViewController.h; sourceTree = "<group>"; };
		84C49E8C1ACD8BC6005AF267 /* FirstViewController.m */ = {isa = PBXFileReference; lastKnownFileType = sourcecode.c.objc; path = FirstViewController.m; sourceTree = "<group>"; };
		84C49E8E1ACD8BC6005AF267 /* SecondViewController.h */ = {isa = PBXFileReference; lastKnownFileType = sourcecode.c.h; path = SecondViewController.h; sourceTree = "<group>"; };
		84C49E8F1ACD8BC6005AF267 /* SecondViewController.m */ = {isa = PBXFileReference; lastKnownFileType = sourcecode.c.objc; path = SecondViewController.m; sourceTree = "<group>"; };
		84C49E921ACD8BC6005AF267 /* Base */ = {isa = PBXFileReference; lastKnownFileType = file.storyboard; name = Base; path = Base.lproj/Main.storyboard; sourceTree = "<group>"; };
		84C49E941ACD8BC7005AF267 /* Images.xcassets */ = {isa = PBXFileReference; lastKnownFileType = folder.assetcatalog; path = Images.xcassets; sourceTree = "<group>"; };
		84C49E971ACD8BC7005AF267 /* Base */ = {isa = PBXFileReference; lastKnownFileType = file.xib; name = Base; path = Base.lproj/LaunchScreen.xib; sourceTree = "<group>"; };
		84C49E9D1ACD8BCA005AF267 /* CallingAppTests.xctest */ = {isa = PBXFileReference; explicitFileType = wrapper.cfbundle; includeInIndex = 0; path = CallingAppTests.xctest; sourceTree = BUILT_PRODUCTS_DIR; };
		84C49EA21ACD8BCA005AF267 /* Info.plist */ = {isa = PBXFileReference; lastKnownFileType = text.plist.xml; path = Info.plist; sourceTree = "<group>"; };
		84C49EA31ACD8BCA005AF267 /* CallingAppTests.m */ = {isa = PBXFileReference; lastKnownFileType = sourcecode.c.objc; path = CallingAppTests.m; sourceTree = "<group>"; };
/* End PBXFileReference section */

/* Begin PBXFrameworksBuildPhase section */
		84C49E7E1ACD8BC4005AF267 /* Frameworks */ = {
			isa = PBXFrameworksBuildPhase;
			buildActionMask = 2147483647;
			files = (
				8443DF9E1ACE978500D13C5F /* CoreData.framework in Frameworks */,
			);
			runOnlyForDeploymentPostprocessing = 0;
		};
		84C49E9A1ACD8BCA005AF267 /* Frameworks */ = {
			isa = PBXFrameworksBuildPhase;
			buildActionMask = 2147483647;
			files = (
			);
			runOnlyForDeploymentPostprocessing = 0;
		};
/* End PBXFrameworksBuildPhase section */

/* Begin PBXGroup section */
		84C49E781ACD8BC4005AF267 = {
			isa = PBXGroup;
			children = (
				8443DF9D1ACE978500D13C5F /* CoreData.framework */,
				84C49E831ACD8BC5005AF267 /* CallingApp */,
				84C49EA01ACD8BCA005AF267 /* CallingAppTests */,
				84C49E821ACD8BC5005AF267 /* Products */,
			);
			sourceTree = "<group>";
		};
		84C49E821ACD8BC5005AF267 /* Products */ = {
			isa = PBXGroup;
			children = (
				84C49E811ACD8BC5005AF267 /* CallingApp.app */,
				84C49E9D1ACD8BCA005AF267 /* CallingAppTests.xctest */,
			);
			name = Products;
			sourceTree = "<group>";
		};
		84C49E831ACD8BC5005AF267 /* CallingApp */ = {
			isa = PBXGroup;
			children = (
				84C49E881ACD8BC6005AF267 /* AppDelegate.h */,
				84C49E891ACD8BC6005AF267 /* AppDelegate.m */,
				84C49E8B1ACD8BC6005AF267 /* FirstViewController.h */,
				84C49E8C1ACD8BC6005AF267 /* FirstViewController.m */,
				84C49E8E1ACD8BC6005AF267 /* SecondViewController.h */,
				84C49E8F1ACD8BC6005AF267 /* SecondViewController.m */,
				8470245E1ACEF5D100FC0603 /* CallTableViewCell.h */,
				8470245F1ACEF5D100FC0603 /* CallTableViewCell.m */,
				84C49E911ACD8BC6005AF267 /* Main.storyboard */,
				84C194A91ACDAD0C00AF4096 /* Person.h */,
				84C194AA1ACDAD0C00AF4096 /* Person.m */,
				8443DF9F1ACE989400D13C5F /* Contacts.xcdatamodeld */,
				847024611ACF05A400FC0603 /* Call.h */,
				847024621ACF05A400FC0603 /* Call.m */,
				84C49E941ACD8BC7005AF267 /* Images.xcassets */,
				84C194A61ACDAA0D00AF4096 /* ContactTableViewCell.h */,
				84C194A71ACDAA0D00AF4096 /* ContactTableViewCell.m */,
				84C49E961ACD8BC7005AF267 /* LaunchScreen.xib */,
				84C49E841ACD8BC6005AF267 /* Supporting Files */,
			);
			path = CallingApp;
			sourceTree = "<group>";
		};
		84C49E841ACD8BC6005AF267 /* Supporting Files */ = {
			isa = PBXGroup;
			children = (
				84C49E851ACD8BC6005AF267 /* Info.plist */,
				84C49E861ACD8BC6005AF267 /* main.m */,
			);
			name = "Supporting Files";
			sourceTree = "<group>";
		};
		84C49EA01ACD8BCA005AF267 /* CallingAppTests */ = {
			isa = PBXGroup;
			children = (
				84C49EA31ACD8BCA005AF267 /* CallingAppTests.m */,
				84C49EA11ACD8BCA005AF267 /* Supporting Files */,
			);
			path = CallingAppTests;
			sourceTree = "<group>";
		};
		84C49EA11ACD8BCA005AF267 /* Supporting Files */ = {
			isa = PBXGroup;
			children = (
				84C49EA21ACD8BCA005AF267 /* Info.plist */,
			);
			name = "Supporting Files";
			sourceTree = "<group>";
		};
/* End PBXGroup section */

/* Begin PBXNativeTarget section */
		84C49E801ACD8BC4005AF267 /* CallingApp */ = {
			isa = PBXNativeTarget;
			buildConfigurationList = 84C49EA71ACD8BCA005AF267 /* Build configuration list for PBXNativeTarget "CallingApp" */;
			buildPhases = (
				84C49E7D1ACD8BC4005AF267 /* Sources */,
				84C49E7E1ACD8BC4005AF267 /* Frameworks */,
				84C49E7F1ACD8BC4005AF267 /* Resources */,
			);
			buildRules = (
			);
			dependencies = (
			);
			name = CallingApp;
			productName = CallingApp;
			productReference = 84C49E811ACD8BC5005AF267 /* CallingApp.app */;
			productType = "com.apple.product-type.application";
		};
		84C49E9C1ACD8BCA005AF267 /* CallingAppTests */ = {
			isa = PBXNativeTarget;
			buildConfigurationList = 84C49EAA1ACD8BCA005AF267 /* Build configuration list for PBXNativeTarget "CallingAppTests" */;
			buildPhases = (
				84C49E991ACD8BCA005AF267 /* Sources */,
				84C49E9A1ACD8BCA005AF267 /* Frameworks */,
				84C49E9B1ACD8BCA005AF267 /* Resources */,
			);
			buildRules = (
			);
			dependencies = (
				84C49E9F1ACD8BCA005AF267 /* PBXTargetDependency */,
			);
			name = CallingAppTests;
			productName = CallingAppTests;
			productReference = 84C49E9D1ACD8BCA005AF267 /* CallingAppTests.xctest */;
			productType = "com.apple.product-type.bundle.unit-test";
		};
/* End PBXNativeTarget section */

/* Begin PBXProject section */
		84C49E791ACD8BC4005AF267 /* Project object */ = {
			isa = PBXProject;
			attributes = {
				LastUpgradeCheck = 0620;
				ORGANIZATIONNAME = Paul;
				TargetAttributes = {
					84C49E801ACD8BC4005AF267 = {
						CreatedOnToolsVersion = 6.2;
					};
					84C49E9C1ACD8BCA005AF267 = {
						CreatedOnToolsVersion = 6.2;
						TestTargetID = 84C49E801ACD8BC4005AF267;
					};
				};
			};
			buildConfigurationList = 84C49E7C1ACD8BC4005AF267 /* Build configuration list for PBXProject "CallingApp" */;
			compatibilityVersion = "Xcode 3.2";
			developmentRegion = English;
			hasScannedForEncodings = 0;
			knownRegions = (
				en,
				Base,
			);
			mainGroup = 84C49E781ACD8BC4005AF267;
			productRefGroup = 84C49E821ACD8BC5005AF267 /* Products */;
			projectDirPath = "";
			projectRoot = "";
			targets = (
				84C49E801ACD8BC4005AF267 /* CallingApp */,
				84C49E9C1ACD8BCA005AF267 /* CallingAppTests */,
			);
		};
/* End PBXProject section */

/* Begin PBXResourcesBuildPhase section */
		84C49E7F1ACD8BC4005AF267 /* Resources */ = {
			isa = PBXResourcesBuildPhase;
			buildActionMask = 2147483647;
			files = (
				84C49E931ACD8BC6005AF267 /* Main.storyboard in Resources */,
				84C49E981ACD8BC7005AF267 /* LaunchScreen.xib in Resources */,
				84C49E951ACD8BC7005AF267 /* Images.xcassets in Resources */,
			);
			runOnlyForDeploymentPostprocessing = 0;
		};
		84C49E9B1ACD8BCA005AF267 /* Resources */ = {
			isa = PBXResourcesBuildPhase;
			buildActionMask = 2147483647;
			files = (
			);
			runOnlyForDeploymentPostprocessing = 0;
		};
/* End PBXResourcesBuildPhase section */

/* Begin PBXSourcesBuildPhase section */
		84C49E7D1ACD8BC4005AF267 /* Sources */ = {
			isa = PBXSourcesBuildPhase;
			buildActionMask = 2147483647;
			files = (
				84C194AB1ACDAD0C00AF4096 /* Person.m in Sources */,
				8443DFA11ACE989400D13C5F /* Contacts.xcdatamodeld in Sources */,
				84C49E901ACD8BC6005AF267 /* SecondViewController.m in Sources */,
				847024631ACF05A400FC0603 /* Call.m in Sources */,
				84C49E8A1ACD8BC6005AF267 /* AppDelegate.m in Sources */,
				84C49E8D1ACD8BC6005AF267 /* FirstViewController.m in Sources */,
				847024601ACEF5D100FC0603 /* CallTableViewCell.m in Sources */,
				84C49E871ACD8BC6005AF267 /* main.m in Sources */,
				84C194A81ACDAA0D00AF4096 /* ContactTableViewCell.m in Sources */,
			);
			runOnlyForDeploymentPostprocessing = 0;
		};
		84C49E991ACD8BCA005AF267 /* Sources */ = {
			isa = PBXSourcesBuildPhase;
			buildActionMask = 2147483647;
			files = (
				84C49EA41ACD8BCA005AF267 /* CallingAppTests.m in Sources */,
			);
			runOnlyForDeploymentPostprocessing = 0;
		};
/* End PBXSourcesBuildPhase section */

/* Begin PBXTargetDependency section */
		84C49E9F1ACD8BCA005AF267 /* PBXTargetDependency */ = {
			isa = PBXTargetDependency;
			target = 84C49E801ACD8BC4005AF267 /* CallingApp */;
			targetProxy = 84C49E9E1ACD8BCA005AF267 /* PBXContainerItemProxy */;
		};
/* End PBXTargetDependency section */

/* Begin PBXVariantGroup section */
		84C49E911ACD8BC6005AF267 /* Main.storyboard */ = {
			isa = PBXVariantGroup;
			children = (
				84C49E921ACD8BC6005AF267 /* Base */,
			);
			name = Main.storyboard;
			sourceTree = "<group>";
		};
		84C49E961ACD8BC7005AF267 /* LaunchScreen.xib */ = {
			isa = PBXVariantGroup;
			children = (
				84C49E971ACD8BC7005AF267 /* Base */,
			);
			name = LaunchScreen.xib;
			sourceTree = "<group>";
		};
/* End PBXVariantGroup section */

/* Begin XCBuildConfiguration section */
		84C49EA51ACD8BCA005AF267 /* Debug */ = {
			isa = XCBuildConfiguration;
			buildSettings = {
				ALWAYS_SEARCH_USER_PATHS = NO;
				CLANG_CXX_LANGUAGE_STANDARD = "gnu++0x";
				CLANG_CXX_LIBRARY = "libc++";
				CLANG_ENABLE_MODULES = YES;
				CLANG_ENABLE_OBJC_ARC = YES;
				CLANG_WARN_BOOL_CONVERSION = YES;
				CLANG_WARN_CONSTANT_CONVERSION = YES;
				CLANG_WARN_DIRECT_OBJC_ISA_USAGE = YES_ERROR;
				CLANG_WARN_EMPTY_BODY = YES;
				CLANG_WARN_ENUM_CONVERSION = YES;
				CLANG_WARN_INT_CONVERSION = YES;
				CLANG_WARN_OBJC_ROOT_CLASS = YES_ERROR;
				CLANG_WARN_UNREACHABLE_CODE = YES;
				CLANG_WARN__DUPLICATE_METHOD_MATCH = YES;
				"CODE_SIGN_IDENTITY[sdk=iphoneos*]" = "iPhone Developer";
				COPY_PHASE_STRIP = NO;
				ENABLE_STRICT_OBJC_MSGSEND = YES;
				GCC_C_LANGUAGE_STANDARD = gnu99;
				GCC_DYNAMIC_NO_PIC = NO;
				GCC_OPTIMIZATION_LEVEL = 0;
				GCC_PREPROCESSOR_DEFINITIONS = (
					"DEBUG=1",
					"$(inherited)",
				);
				GCC_SYMBOLS_PRIVATE_EXTERN = NO;
				GCC_WARN_64_TO_32_BIT_CONVERSION = YES;
				GCC_WARN_ABOUT_RETURN_TYPE = YES_ERROR;
				GCC_WARN_UNDECLARED_SELECTOR = YES;
				GCC_WARN_UNINITIALIZED_AUTOS = YES_AGGRESSIVE;
				GCC_WARN_UNUSED_FUNCTION = YES;
				GCC_WARN_UNUSED_VARIABLE = YES;
				IPHONEOS_DEPLOYMENT_TARGET = 8.2;
				MTL_ENABLE_DEBUG_INFO = YES;
				ONLY_ACTIVE_ARCH = YES;
				SDKROOT = iphoneos;
			};
			name = Debug;
		};
		84C49EA61ACD8BCA005AF267 /* Release */ = {
			isa = XCBuildConfiguration;
			buildSettings = {
				ALWAYS_SEARCH_USER_PATHS = NO;
				CLANG_CXX_LANGUAGE_STANDARD = "gnu++0x";
				CLANG_CXX_LIBRARY = "libc++";
				CLANG_ENABLE_MODULES = YES;
				CLANG_ENABLE_OBJC_ARC = YES;
				CLANG_WARN_BOOL_CONVERSION = YES;
				CLANG_WARN_CONSTANT_CONVERSION = YES;
				CLANG_WARN_DIRECT_OBJC_ISA_USAGE = YES_ERROR;
				CLANG_WARN_EMPTY_BODY = YES;
				CLANG_WARN_ENUM_CONVERSION = YES;
				CLANG_WARN_INT_CONVERSION = YES;
				CLANG_WARN_OBJC_ROOT_CLASS = YES_ERROR;
				CLANG_WARN_UNREACHABLE_CODE = YES;
				CLANG_WARN__DUPLICATE_METHOD_MATCH = YES;
				"CODE_SIGN_IDENTITY[sdk=iphoneos*]" = "iPhone Developer";
				COPY_PHASE_STRIP = NO;
				ENABLE_NS_ASSERTIONS = NO;
				ENABLE_STRICT_OBJC_MSGSEND = YES;
				GCC_C_LANGUAGE_STANDARD = gnu99;
				GCC_WARN_64_TO_32_BIT_CONVERSION = YES;
				GCC_WARN_ABOUT_RETURN_TYPE = YES_ERROR;
				GCC_WARN_UNDECLARED_SELECTOR = YES;
				GCC_WARN_UNINITIALIZED_AUTOS = YES_AGGRESSIVE;
				GCC_WARN_UNUSED_FUNCTION = YES;
				GCC_WARN_UNUSED_VARIABLE = YES;
				IPHONEOS_DEPLOYMENT_TARGET = 8.2;
				MTL_ENABLE_DEBUG_INFO = NO;
				SDKROOT = iphoneos;
				VALIDATE_PRODUCT = YES;
			};
			name = Release;
		};
		84C49EA81ACD8BCA005AF267 /* Debug */ = {
			isa = XCBuildConfiguration;
			buildSettings = {
				ASSETCATALOG_COMPILER_APPICON_NAME = AppIcon;
				INFOPLIST_FILE = CallingApp/Info.plist;
				LD_RUNPATH_SEARCH_PATHS = "$(inherited) @executable_path/Frameworks";
				PRODUCT_NAME = "$(TARGET_NAME)";
			};
			name = Debug;
		};
		84C49EA91ACD8BCA005AF267 /* Release */ = {
			isa = XCBuildConfiguration;
			buildSettings = {
				ASSETCATALOG_COMPILER_APPICON_NAME = AppIcon;
				INFOPLIST_FILE = CallingApp/Info.plist;
				LD_RUNPATH_SEARCH_PATHS = "$(inherited) @executable_path/Frameworks";
				PRODUCT_NAME = "$(TARGET_NAME)";
			};
			name = Release;
		};
		84C49EAB1ACD8BCA005AF267 /* Debug */ = {
			isa = XCBuildConfiguration;
			buildSettings = {
				BUNDLE_LOADER = "$(TEST_HOST)";
				FRAMEWORK_SEARCH_PATHS = (
					"$(SDKROOT)/Developer/Library/Frameworks",
					"$(inherited)",
				);
				GCC_PREPROCESSOR_DEFINITIONS = (
					"DEBUG=1",
					"$(inherited)",
				);
				INFOPLIST_FILE = CallingAppTests/Info.plist;
				LD_RUNPATH_SEARCH_PATHS = "$(inherited) @executable_path/Frameworks @loader_path/Frameworks";
				PRODUCT_NAME = "$(TARGET_NAME)";
				TEST_HOST = "$(BUILT_PRODUCTS_DIR)/CallingApp.app/CallingApp";
			};
			name = Debug;
		};
		84C49EAC1ACD8BCA005AF267 /* Release */ = {
			isa = XCBuildConfiguration;
			buildSettings = {
				BUNDLE_LOADER = "$(TEST_HOST)";
				FRAMEWORK_SEARCH_PATHS = (
					"$(SDKROOT)/Developer/Library/Frameworks",
					"$(inherited)",
				);
				INFOPLIST_FILE = CallingAppTests/Info.plist;
				LD_RUNPATH_SEARCH_PATHS = "$(inherited) @executable_path/Frameworks @loader_path/Frameworks";
				PRODUCT_NAME = "$(TARGET_NAME)";
				TEST_HOST = "$(BUILT_PRODUCTS_DIR)/CallingApp.app/CallingApp";
			};
			name = Release;
		};
/* End XCBuildConfiguration section */

/* Begin XCConfigurationList section */
		84C49E7C1ACD8BC4005AF267 /* Build configuration list for PBXProject "CallingApp" */ = {
			isa = XCConfigurationList;
			buildConfigurations = (
				84C49EA51ACD8BCA005AF267 /* Debug */,
				84C49EA61ACD8BCA005AF267 /* Release */,
			);
			defaultConfigurationIsVisible = 0;
			defaultConfigurationName = Release;
		};
		84C49EA71ACD8BCA005AF267 /* Build configuration list for PBXNativeTarget "CallingApp" */ = {
			isa = XCConfigurationList;
			buildConfigurations = (
				84C49EA81ACD8BCA005AF267 /* Debug */,
				84C49EA91ACD8BCA005AF267 /* Release */,
			);
			defaultConfigurationIsVisible = 0;
			defaultConfigurationName = Release;
		};
		84C49EAA1ACD8BCA005AF267 /* Build configuration list for PBXNativeTarget "CallingAppTests" */ = {
			isa = XCConfigurationList;
			buildConfigurations = (
				84C49EAB1ACD8BCA005AF267 /* Debug */,
				84C49EAC1ACD8BCA005AF267 /* Release */,
			);
			defaultConfigurationIsVisible = 0;
			defaultConfigurationName = Release;
		};
/* End XCConfigurationList section */

/* Begin XCVersionGroup section */
		8443DF9F1ACE989400D13C5F /* Contacts.xcdatamodeld */ = {
			isa = XCVersionGroup;
			children = (
				8443DFA01ACE989400D13C5F /* Contacts.xcdatamodel */,
			);
			currentVersion = 8443DFA01ACE989400D13C5F /* Contacts.xcdatamodel */;
			path = Contacts.xcdatamodeld;
			sourceTree = "<group>";
			versionGroupType = wrapper.xcdatamodel;
		};
/* End XCVersionGroup section */
	};
	rootObject = 84C49E791ACD8BC4005AF267 /* Project object */;
}
